
Microsoft Visual Studio Solution File, Format Version 12.00
# Visual Studio 15
VisualStudioVersion = 15.0.26124.0
MinimumVisualStudioVersion = 15.0.26124.0
Project("{FAE04EC0-301F-11D3-BF4B-00C04F79EFBC}") = "Runner", "Runner\Runner.csproj", "{9C15F1B5-EA51-499C-83D0-0EFD8FCA7718}"
EndProject
Project("{FAE04EC0-301F-11D3-BF4B-00C04F79EFBC}") = "Generic", "Generic\Generic.csproj", "{011942CF-8B86-42AF-9A0D-E799C08261ED}"
EndProject
Global
	GlobalSection(SolutionConfigurationPlatforms) = preSolution
		Debug|Any CPU = Debug|Any CPU
		Debug|x64 = Debug|x64
		Debug|x86 = Debug|x86
		Release|Any CPU = Release|Any CPU
		Release|x64 = Release|x64
		Release|x86 = Release|x86
	EndGlobalSection
	GlobalSection(SolutionProperties) = preSolution
		HideSolutionNode = FALSE
	EndGlobalSection
	GlobalSection(ProjectConfigurationPlatforms) = postSolution
		{9C15F1B5-EA51-499C-83D0-0EFD8FCA7718}.Debug|Any CPU.ActiveCfg = Debug|Any CPU
		{9C15F1B5-EA51-499C-83D0-0EFD8FCA7718}.Debug|Any CPU.Build.0 = Debug|Any CPU
		{9C15F1B5-EA51-499C-83D0-0EFD8FCA7718}.Debug|x64.ActiveCfg = Debug|Any CPU
		{9C15F1B5-EA51-499C-83D0-0EFD8FCA7718}.Debug|x64.Build.0 = Debug|Any CPU
		{9C15F1B5-EA51-499C-83D0-0EFD8FCA7718}.Debug|x86.ActiveCfg = Debug|Any CPU
		{9C15F1B5-EA51-499C-83D0-0EFD8FCA7718}.Debug|x86.Build.0 = Debug|Any CPU
		{9C15F1B5-EA51-499C-83D0-0EFD8FCA7718}.Release|Any CPU.ActiveCfg = Release|Any CPU
		{9C15F1B5-EA51-499C-83D0-0EFD8FCA7718}.Release|Any CPU.Build.0 = Release|Any CPU
		{9C15F1B5-EA51-499C-83D0-0EFD8FCA7718}.Release|x64.ActiveCfg = Release|Any CPU
		{9C15F1B5-EA51-499C-83D0-0EFD8FCA7718}.Release|x64.Build.0 = Release|Any CPU
		{9C15F1B5-EA51-499C-83D0-0EFD8FCA7718}.Release|x86.ActiveCfg = Release|Any CPU
		{9C15F1B5-EA51-499C-83D0-0EFD8FCA7718}.Release|x86.Build.0 = Release|Any CPU
		{011942CF-8B86-42AF-9A0D-E799C08261ED}.Debug|Any CPU.ActiveCfg = Debug|Any CPU
		{011942CF-8B86-42AF-9A0D-E799C08261ED}.Debug|Any CPU.Build.0 = Debug|Any CPU
		{011942CF-8B86-42AF-9A0D-E799C08261ED}.Debug|x64.ActiveCfg = Debug|Any CPU
		{011942CF-8B86-42AF-9A0D-E799C08261ED}.Debug|x64.Build.0 = Debug|Any CPU
		{011942CF-8B86-42AF-9A0D-E799C08261ED}.Debug|x86.ActiveCfg = Debug|Any CPU
		{011942CF-8B86-42AF-9A0D-E799C08261ED}.Debug|x86.Build.0 = Debug|Any CPU
		{011942CF-8B86-42AF-9A0D-E799C08261ED}.Release|Any CPU.ActiveCfg = Release|Any CPU
		{011942CF-8B86-42AF-9A0D-E799C08261ED}.Release|Any CPU.Build.0 = Release|Any CPU
		{011942CF-8B86-42AF-9A0D-E799C08261ED}.Release|x64.ActiveCfg = Release|Any CPU
		{011942CF-8B86-42AF-9A0D-E799C08261ED}.Release|x64.Build.0 = Release|Any CPU
		{011942CF-8B86-42AF-9A0D-E799C08261ED}.Release|x86.ActiveCfg = Release|Any CPU
		{011942CF-8B86-42AF-9A0D-E799C08261ED}.Release|x86.Build.0 = Release|Any CPU
	EndGlobalSection
EndGlobal
